PODS:
  - Alamofire (4.5.1)
  - AlamofireImage (3.3.0):
    - Alamofire (~> 4.5)
  - FSPagerView (0.7.1)
  - IQKeyboardManagerSwift (5.0.6)
  - NVActivityIndicatorView (4.0.0):
    - NVActivityIndicatorView/Presenter (= 4.0.0)
  - NVActivityIndicatorView/Presenter (4.0.0)
  - ObjectMapper (3.0.0)
  - PhoneNumberKit (2.0.0):
    - PhoneNumberKit/PhoneNumberKitCore (= 2.0.0)
    - PhoneNumberKit/UIKit (= 2.0.0)
  - PhoneNumberKit/PhoneNumberKitCore (2.0.0)
  - PhoneNumberKit/UIKit (2.0.0):
    - PhoneNumberKit/PhoneNumberKitCore
  - PopupDialog (0.6.0)
  - RevealingSplashView (0.4.0)
  - SmileLock (3.0.0)
  - SwiftyJSON (3.1.0)
  - SwiftyUserDefaults (3.0.0)
  - TextFieldEffects (1.4.0)

DEPENDENCIES:
  - AlamofireImage
  - FSPagerView
  - IQKeyboardManagerSwift
  - NVActivityIndicatorView
  - ObjectMapper (~> 3.0.0)
  - PhoneNumberKit
  - PopupDialog (~> 0.6)
  - RevealingSplashView (~> 0.4)
  - SmileLock (~> 3.0)
  - SwiftyJSON (= 3.1.0)
  - SwiftyUserDefaults
  - TextFieldEffects

SPEC CHECKSUMS:
  Alamofire: 2d95912bf4c34f164fdfc335872e8c312acaea4a
  AlamofireImage: 2e784dc5d00f04903a52c1d169181469c805c3df
  FSPagerView: 958aba39684e1573755ddcfcc29f7eebb8413cee
  IQKeyboardManagerSwift: 02bfbb0dff71c66d0ab77d80d25dfce0c3717735
  NVActivityIndicatorView: 54c9b93b6f25a4f467512680c0c90c09a1095cf2
  ObjectMapper: 92230db59bf8f341a5c3a3cf0b9fbdde3cf0d87f
  PhoneNumberKit: 073b3cef30c2a64ddcd623ea5953bc84bb5b3fc4
  PopupDialog: 687af43af0f7b89948cd411ac701865f931bd6dc
  RevealingSplashView: 72be158ad5e1bc72713e8f78383dc3e1803ce4d1
  SmileLock: 94289220d5e1fbfd774115b605d3c0371024df59
  SwiftyJSON: 29b9f2a64f118c07e691667c2ba1efe536acfe0b
  SwiftyUserDefaults: 0f1d45fc3aafb9064dac661e367f8f83fe21a4b4
  TextFieldEffects: 4ee41b5216e674d55fb6ac25107bf1af7629176f

PODFILE CHECKSUM: a8f7e574baa0682b384c0bd5d645d8147cb4232e

COCOAPODS: 1.3.1
