PODS:
  - Alamofire (4.7.2)
  - AlamofireImage (3.3.1):
    - Alamofire (~> 4.5)
  - DynamicBlurView (2.0.2)
  - FSPagerView (0.7.1)
  - IQKeyboardManagerSwift (5.0.8)
  - NVActivityIndicatorView (4.2.1):
    - NVActivityIndicatorView/Presenter (= 4.2.1)
  - NVActivityIndicatorView/Presenter (4.2.1)
  - ObjectMapper (3.0.0)
  - PhoneNumberKit (2.1.0):
    - PhoneNumberKit/PhoneNumberKitCore (= 2.1.0)
    - PhoneNumberKit/UIKit (= 2.1.0)
  - PhoneNumberKit/PhoneNumberKitCore (2.1.0)
  - PhoneNumberKit/UIKit (2.1.0):
    - PhoneNumberKit/PhoneNumberKitCore
  - PopupDialog (0.7.1):
    - DynamicBlurView (~> 2.0)
  - SmileLock (3.0.3)
  - SwiftyJSON (3.1.0)
  - SwiftyUserDefaults (4.0.0-alpha.1)
  - TextFieldEffects (1.4.0)

DEPENDENCIES:
  - AlamofireImage (~> 3.3)
  - FSPagerView (~> 0.7)
  - IQKeyboardManagerSwift (~> 5.0.6)
  - NVActivityIndicatorView (~> 4.0)
  - ObjectMapper (~> 3.0.0)
  - PhoneNumberKit (~> 2.1)
  - PopupDialog (~> 0.7)
  - SmileLock (~> 3.0)
  - SwiftyJSON (= 3.1.0)
  - SwiftyUserDefaults (= 4.0.0-alpha.1)
  - TextFieldEffects (~> 1.4)

SPEC REPOS:
  https://github.com/cocoapods/specs.git:
    - Alamofire
    - AlamofireImage
    - DynamicBlurView
    - FSPagerView
    - IQKeyboardManagerSwift
    - NVActivityIndicatorView
    - ObjectMapper
    - PhoneNumberKit
    - PopupDialog
    - SmileLock
    - SwiftyJSON
    - SwiftyUserDefaults
    - TextFieldEffects

SPEC CHECKSUMS:
  Alamofire: e4fa87002c137ba2d8d634d2c51fabcda0d5c223
  AlamofireImage: 3b35b586853abaf94ca1250f4e94cff3c21a4c0d
  DynamicBlurView: aa6db4defc6e537eb86fc5e58dd3991666178399
  FSPagerView: 958aba39684e1573755ddcfcc29f7eebb8413cee
  IQKeyboardManagerSwift: 2e7dc7f98c111458c1ea2b373f893e8cf95e2b97
  NVActivityIndicatorView: 8068ba3ad39cb44cbaab25d89ff2546b3f092681
  ObjectMapper: 92230db59bf8f341a5c3a3cf0b9fbdde3cf0d87f
  PhoneNumberKit: 62003f40ff75315fd3738286558bc365365ac222
  PopupDialog: 39598b7d41719f5c025b4b70e62728bae7734fef
  SmileLock: 247b62849cedca324e70ccfad5d01714602d739e
  SwiftyJSON: 29b9f2a64f118c07e691667c2ba1efe536acfe0b
  SwiftyUserDefaults: cebe0ff9472f52699772a514b6f7155861d8069b
  TextFieldEffects: 4ee41b5216e674d55fb6ac25107bf1af7629176f

PODFILE CHECKSUM: e8f6a7e4a18a8ade3c552bf304aae1cb70790913

COCOAPODS: 1.5.3
